
Microsoft Visual Studio Solution File, Format Version 12.00
# Visual Studio Version 16
VisualStudioVersion = 25.0.1706.11
MinimumVisualStudioVersion = 10.0.40219.1
Project("{FAE04EC0-301F-11D3-BF4B-00C04F79EFBC}") = "StargateAPI", "StargateAPI.csproj", "{80A2373F-AC1F-463D-9375-2D54407B017B}"
EndProject
Project("{FAE04EC0-301F-11D3-BF4B-00C04F79EFBC}") = "StargateTests", "..\StargateTests\StargateTests.csproj", "{58300C22-D869-47C3-A300-3FE093729558}"
EndProject
Global
	GlobalSection(SolutionConfigurationPlatforms) = preSolution
		Debug|Any CPU = Debug|Any CPU
		Release|Any CPU = Release|Any CPU
	EndGlobalSection
	GlobalSection(ProjectConfigurationPlatforms) = postSolution
		{80A2373F-AC1F-463D-9375-2D54407B017B}.Debug|Any CPU.ActiveCfg = Debug|Any CPU
		{80A2373F-AC1F-463D-9375-2D54407B017B}.Debug|Any CPU.Build.0 = Debug|Any CPU
		{80A2373F-AC1F-463D-9375-2D54407B017B}.Release|Any CPU.ActiveCfg = Release|Any CPU
		{80A2373F-AC1F-463D-9375-2D54407B017B}.Release|Any CPU.Build.0 = Release|Any CPU
		{58300C22-D869-47C3-A300-3FE093729558}.Debug|Any CPU.ActiveCfg = Debug|Any CPU
		{58300C22-D869-47C3-A300-3FE093729558}.Debug|Any CPU.Build.0 = Debug|Any CPU
		{58300C22-D869-47C3-A300-3FE093729558}.Release|Any CPU.ActiveCfg = Release|Any CPU
		{58300C22-D869-47C3-A300-3FE093729558}.Release|Any CPU.Build.0 = Release|Any CPU
	EndGlobalSection
	GlobalSection(SolutionProperties) = preSolution
		HideSolutionNode = FALSE
	EndGlobalSection
	GlobalSection(ExtensibilityGlobals) = postSolution
		SolutionGuid = {F15F2207-558D-4A62-8BC5-3F74BCAE52A3}
	EndGlobalSection
EndGlobal
